
Microsoft Visual Studio Solution File, Format Version 12.00
# Visual Studio Version 16
VisualStudioVersion = 16.0.29911.84
MinimumVisualStudioVersion = 10.0.40219.1
Project("{9A19103F-16F7-4668-BE54-9A1E7A4F7556}") = "Bost.Utils", "Bost.Utils\Bost.Utils.csproj", "{50A1EB61-EA42-4B52-A464-FDE04FF809D6}"
EndProject
Project("{9A19103F-16F7-4668-BE54-9A1E7A4F7556}") = "Bost.AgentsHub", "Bost.AgentsHub\Bost.AgentsHub.csproj", "{538EC0E9-CA4E-4199-9472-17305A3C02B2}"
EndProject
Project("{9A19103F-16F7-4668-BE54-9A1E7A4F7556}") = "Bost.Agent", "Bost.BOT\Bost.Agent.csproj", "{08EE9AE7-32C4-4F51-9018-FA05F6661A05}"
EndProject
Project("{9A19103F-16F7-4668-BE54-9A1E7A4F7556}") = "Bost.Proto", "Bost.Proto\Bost.Proto.csproj", "{17E0E572-99E0-4409-9A91-FD84A77DCFB7}"
EndProject
Project("{9A19103F-16F7-4668-BE54-9A1E7A4F7556}") = "Bost.Proxy", "Bost.Proxy\Bost.Proxy.csproj", "{06759686-514D-4711-969A-C038668EED41}"
EndProject
Project("{9A19103F-16F7-4668-BE54-9A1E7A4F7556}") = "Bost.WebControl", "Bost.WebControl\Bost.WebControl.csproj", "{77A1D5F1-EF31-4D5D-9FC6-195344A7CCC0}"
EndProject
Project("{2150E333-8FDC-42A3-9474-1A3956D46DE8}") = "Tests", "Tests", "{14F5EB95-A337-4E63-88D0-244DAB14E721}"
EndProject
Project("{9A19103F-16F7-4668-BE54-9A1E7A4F7556}") = "Bost.BOT.Tests", "Bost.BOT.Tests\Bost.BOT.Tests.csproj", "{F4AA555A-EA10-4100-B944-71E103184751}"
EndProject
Project("{9A19103F-16F7-4668-BE54-9A1E7A4F7556}") = "Bost.Shared", "Bost.Shared\Bost.Shared.csproj", "{2B889FE2-C418-404F-BE5A-6E21D7138D05}"
EndProject
Project("{FAE04EC0-301F-11D3-BF4B-00C04F79EFBC}") = "Bost.ControlPanel", "Bost.ControlPanel\Bost.ControlPanel.csproj", "{C7CD8139-F736-4106-A947-D155FDAD9DA3}"
EndProject
Global
	GlobalSection(SolutionConfigurationPlatforms) = preSolution
		Debug|Any CPU = Debug|Any CPU
		Release|Any CPU = Release|Any CPU
	EndGlobalSection
	GlobalSection(ProjectConfigurationPlatforms) = postSolution
		{50A1EB61-EA42-4B52-A464-FDE04FF809D6}.Debug|Any CPU.ActiveCfg = Debug|Any CPU
		{50A1EB61-EA42-4B52-A464-FDE04FF809D6}.Debug|Any CPU.Build.0 = Debug|Any CPU
		{50A1EB61-EA42-4B52-A464-FDE04FF809D6}.Release|Any CPU.ActiveCfg = Release|Any CPU
		{50A1EB61-EA42-4B52-A464-FDE04FF809D6}.Release|Any CPU.Build.0 = Release|Any CPU
		{538EC0E9-CA4E-4199-9472-17305A3C02B2}.Debug|Any CPU.ActiveCfg = Debug|Any CPU
		{538EC0E9-CA4E-4199-9472-17305A3C02B2}.Debug|Any CPU.Build.0 = Debug|Any CPU
		{538EC0E9-CA4E-4199-9472-17305A3C02B2}.Release|Any CPU.ActiveCfg = Release|Any CPU
		{538EC0E9-CA4E-4199-9472-17305A3C02B2}.Release|Any CPU.Build.0 = Release|Any CPU
		{08EE9AE7-32C4-4F51-9018-FA05F6661A05}.Debug|Any CPU.ActiveCfg = Debug|Any CPU
		{08EE9AE7-32C4-4F51-9018-FA05F6661A05}.Debug|Any CPU.Build.0 = Debug|Any CPU
		{08EE9AE7-32C4-4F51-9018-FA05F6661A05}.Release|Any CPU.ActiveCfg = Release|Any CPU
		{08EE9AE7-32C4-4F51-9018-FA05F6661A05}.Release|Any CPU.Build.0 = Release|Any CPU
		{17E0E572-99E0-4409-9A91-FD84A77DCFB7}.Debug|Any CPU.ActiveCfg = Debug|Any CPU
		{17E0E572-99E0-4409-9A91-FD84A77DCFB7}.Debug|Any CPU.Build.0 = Debug|Any CPU
		{17E0E572-99E0-4409-9A91-FD84A77DCFB7}.Release|Any CPU.ActiveCfg = Release|Any CPU
		{17E0E572-99E0-4409-9A91-FD84A77DCFB7}.Release|Any CPU.Build.0 = Release|Any CPU
		{06759686-514D-4711-969A-C038668EED41}.Debug|Any CPU.ActiveCfg = Debug|Any CPU
		{06759686-514D-4711-969A-C038668EED41}.Debug|Any CPU.Build.0 = Debug|Any CPU
		{06759686-514D-4711-969A-C038668EED41}.Release|Any CPU.ActiveCfg = Release|Any CPU
		{06759686-514D-4711-969A-C038668EED41}.Release|Any CPU.Build.0 = Release|Any CPU
		{77A1D5F1-EF31-4D5D-9FC6-195344A7CCC0}.Debug|Any CPU.ActiveCfg = Debug|Any CPU
		{77A1D5F1-EF31-4D5D-9FC6-195344A7CCC0}.Debug|Any CPU.Build.0 = Debug|Any CPU
		{77A1D5F1-EF31-4D5D-9FC6-195344A7CCC0}.Release|Any CPU.ActiveCfg = Release|Any CPU
		{77A1D5F1-EF31-4D5D-9FC6-195344A7CCC0}.Release|Any CPU.Build.0 = Release|Any CPU
		{F4AA555A-EA10-4100-B944-71E103184751}.Debug|Any CPU.ActiveCfg = Debug|Any CPU
		{F4AA555A-EA10-4100-B944-71E103184751}.Debug|Any CPU.Build.0 = Debug|Any CPU
		{F4AA555A-EA10-4100-B944-71E103184751}.Release|Any CPU.ActiveCfg = Release|Any CPU
		{F4AA555A-EA10-4100-B944-71E103184751}.Release|Any CPU.Build.0 = Release|Any CPU
		{2B889FE2-C418-404F-BE5A-6E21D7138D05}.Debug|Any CPU.ActiveCfg = Debug|Any CPU
		{2B889FE2-C418-404F-BE5A-6E21D7138D05}.Debug|Any CPU.Build.0 = Debug|Any CPU
		{2B889FE2-C418-404F-BE5A-6E21D7138D05}.Release|Any CPU.ActiveCfg = Release|Any CPU
		{2B889FE2-C418-404F-BE5A-6E21D7138D05}.Release|Any CPU.Build.0 = Release|Any CPU
		{C7CD8139-F736-4106-A947-D155FDAD9DA3}.Debug|Any CPU.ActiveCfg = Debug|Any CPU
		{C7CD8139-F736-4106-A947-D155FDAD9DA3}.Debug|Any CPU.Build.0 = Debug|Any CPU
		{C7CD8139-F736-4106-A947-D155FDAD9DA3}.Release|Any CPU.ActiveCfg = Release|Any CPU
		{C7CD8139-F736-4106-A947-D155FDAD9DA3}.Release|Any CPU.Build.0 = Release|Any CPU
	EndGlobalSection
	GlobalSection(SolutionProperties) = preSolution
		HideSolutionNode = FALSE
	EndGlobalSection
	GlobalSection(NestedProjects) = preSolution
		{F4AA555A-EA10-4100-B944-71E103184751} = {14F5EB95-A337-4E63-88D0-244DAB14E721}
	EndGlobalSection
	GlobalSection(ExtensibilityGlobals) = postSolution
		SolutionGuid = {2307B5F1-8D25-49B2-BBFB-B5E7F1A22958}
	EndGlobalSection
EndGlobal
